
Microsoft Visual Studio Solution File, Format Version 12.00
# Visual Studio Version 17
VisualStudioVersion = 17.5.002.0
MinimumVisualStudioVersion = 10.0.40219.1
Project("{9A19103F-16F7-4668-BE54-9A1E7A4F7556}") = "Student Grade Calculator", "Student Grade Calculator.csproj", "{AC43CDBC-2183-4BFD-87BB-1A9280C66CC3}"
EndProject
Global
	GlobalSection(SolutionConfigurationPlatforms) = preSolution
		Debug|Any CPU = Debug|Any CPU
		Release|Any CPU = Release|Any CPU
	EndGlobalSection
	GlobalSection(ProjectConfigurationPlatforms) = postSolution
		{AC43CDBC-2183-4BFD-87BB-1A9280C66CC3}.Debug|Any CPU.ActiveCfg = Debug|Any CPU
		{AC43CDBC-2183-4BFD-87BB-1A9280C66CC3}.Debug|Any CPU.Build.0 = Debug|Any CPU
		{AC43CDBC-2183-4BFD-87BB-1A9280C66CC3}.Release|Any CPU.ActiveCfg = Release|Any CPU
		{AC43CDBC-2183-4BFD-87BB-1A9280C66CC3}.Release|Any CPU.Build.0 = Release|Any CPU
	EndGlobalSection
	GlobalSection(SolutionProperties) = preSolution
		HideSolutionNode = FALSE
	EndGlobalSection
	GlobalSection(ExtensibilityGlobals) = postSolution
		SolutionGuid = {3F668AD6-E274-489D-BADC-DA8CE9F5C6A4}
	EndGlobalSection
EndGlobal
